// !$*UTF8*$!
{
	archiveVersion = 1;
	classes = {
	};
	objectVersion = 46;
	objects = {

/* Begin PBXBuildFile section */
		3D4987921E52B64C00A60AEF /* main.m in Sources */ = {isa = PBXBuildFile; fileRef = 3D4987911E52B64C00A60AEF /* main.m */; };
		3D4987951E52B64C00A60AEF /* AppDelegate.m in Sources */ = {isa = PBXBuildFile; fileRef = 3D4987941E52B64C00A60AEF /* AppDelegate.m */; };
		3D49879B1E52B64C00A60AEF /* Main.storyboard in Resources */ = {isa = PBXBuildFile; fileRef = 3D4987991E52B64C00A60AEF /* Main.storyboard */; };
		3D49879D1E52B64C00A60AEF /* Assets.xcassets in Resources */ = {isa = PBXBuildFile; fileRef = 3D49879C1E52B64C00A60AEF /* Assets.xcassets */; };
		3D4987A01E52B64C00A60AEF /* LaunchScreen.storyboard in Resources */ = {isa = PBXBuildFile; fileRef = 3D49879E1E52B64C00A60AEF /* LaunchScreen.storyboard */; };
		3D4987AB1E52B64C00A60AEF /* APP_OneTests.m in Sources */ = {isa = PBXBuildFile; fileRef = 3D4987AA1E52B64C00A60AEF /* APP_OneTests.m */; };
		3D4987B61E52B64C00A60AEF /* APP_OneUITests.m in Sources */ = {isa = PBXBuildFile; fileRef = 3D4987B51E52B64C00A60AEF /* APP_OneUITests.m */; };
		3D4988051E52BA5A00A60AEF /* TabBarViewController.m in Sources */ = {isa = PBXBuildFile; fileRef = 3D4988041E52BA5A00A60AEF /* TabBarViewController.m */; };
		3D4988091E52CD5D00A60AEF /* NavigationController.m in Sources */ = {isa = PBXBuildFile; fileRef = 3D4988081E52CD5D00A60AEF /* NavigationController.m */; };
		3D49880D1E52CFA000A60AEF /* FirstViewController.m in Sources */ = {isa = PBXBuildFile; fileRef = 3D49880C1E52CFA000A60AEF /* FirstViewController.m */; };
		3D4988101E52CFAB00A60AEF /* SecendViewController.m in Sources */ = {isa = PBXBuildFile; fileRef = 3D49880F1E52CFAB00A60AEF /* SecendViewController.m */; };
/* End PBXBuildFile section */

/* Begin PBXContainerItemProxy section */
		3D4987A71E52B64C00A60AEF /* PBXContainerItemProxy */ = {
			isa = PBXContainerItemProxy;
			containerPortal = 3D4987851E52B64C00A60AEF /* Project object */;
			proxyType = 1;
			remoteGlobalIDString = 3D49878C1E52B64C00A60AEF;
			remoteInfo = "APP-One";
		};
		3D4987B21E52B64C00A60AEF /* PBXContainerItemProxy */ = {
			isa = PBXContainerItemProxy;
			containerPortal = 3D4987851E52B64C00A60AEF /* Project object */;
			proxyType = 1;
			remoteGlobalIDString = 3D49878C1E52B64C00A60AEF;
			remoteInfo = "APP-One";
		};
/* End PBXContainerItemProxy section */

/* Begin PBXFileReference section */
		3D49878D1E52B64C00A60AEF /* APP-One.app */ = {isa = PBXFileReference; explicitFileType = wrapper.application; includeInIndex = 0; path = "APP-One.app"; sourceTree = BUILT_PRODUCTS_DIR; };
		3D4987911E52B64C00A60AEF /* main.m */ = {isa = PBXFileReference; lastKnownFileType = sourcecode.c.objc; path = main.m; sourceTree = "<group>"; };
		3D4987931E52B64C00A60AEF /* AppDelegate.h */ = {isa = PBXFileReference; lastKnownFileType = sourcecode.c.h; path = AppDelegate.h; sourceTree = "<group>"; };
		3D4987941E52B64C00A60AEF /* AppDelegate.m */ = {isa = PBXFileReference; lastKnownFileType = sourcecode.c.objc; path = AppDelegate.m; sourceTree = "<group>"; };
		3D49879A1E52B64C00A60AEF /* Base */ = {isa = PBXFileReference; lastKnownFileType = file.storyboard; name = Base; path = Base.lproj/Main.storyboard; sourceTree = "<group>"; };
		3D49879C1E52B64C00A60AEF /* Assets.xcassets */ = {isa = PBXFileReference; lastKnownFileType = folder.assetcatalog; path = Assets.xcassets; sourceTree = "<group>"; };
		3D49879F1E52B64C00A60AEF /* Base */ = {isa = PBXFileReference; lastKnownFileType = file.storyboard; name = Base; path = Base.lproj/LaunchScreen.storyboard; sourceTree = "<group>"; };
		3D4987A11E52B64C00A60AEF /* Info.plist */ = {isa = PBXFileReference; lastKnownFileType = text.plist.xml; path = Info.plist; sourceTree = "<group>"; };
		3D4987A61E52B64C00A60AEF /* APP-OneTests.xctest */ = {isa = PBXFileReference; explicitFileType = wrapper.cfbundle; includeInIndex = 0; path = "APP-OneTests.xctest"; sourceTree = BUILT_PRODUCTS_DIR; };
		3D4987AA1E52B64C00A60AEF /* APP_OneTests.m */ = {isa = PBXFileReference; lastKnownFileType = sourcecode.c.objc; path = APP_OneTests.m; sourceTree = "<group>"; };
		3D4987AC1E52B64C00A60AEF /* Info.plist */ = {isa = PBXFileReference; lastKnownFileType = text.plist.xml; path = Info.plist; sourceTree = "<group>"; };
		3D4987B11E52B64C00A60AEF /* APP-OneUITests.xctest */ = {isa = PBXFileReference; explicitFileType = wrapper.cfbundle; includeInIndex = 0; path = "APP-OneUITests.xctest"; sourceTree = BUILT_PRODUCTS_DIR; };
		3D4987B51E52B64C00A60AEF /* APP_OneUITests.m */ = {isa = PBXFileReference; lastKnownFileType = sourcecode.c.objc; path = APP_OneUITests.m; sourceTree = "<group>"; };
		3D4987B71E52B64C00A60AEF /* Info.plist */ = {isa = PBXFileReference; lastKnownFileType = text.plist.xml; path = Info.plist; sourceTree = "<group>"; };
		3D4988031E52BA5A00A60AEF /* TabBarViewController.h */ = {isa = PBXFileReference; fileEncoding = 4; lastKnownFileType = sourcecode.c.h; path = TabBarViewController.h; sourceTree = "<group>"; };
		3D4988041E52BA5A00A60AEF /* TabBarViewController.m */ = {isa = PBXFileReference; fileEncoding = 4; lastKnownFileType = sourcecode.c.objc; path = TabBarViewController.m; sourceTree = "<group>"; };
		3D4988071E52CD5D00A60AEF /* NavigationController.h */ = {isa = PBXFileReference; fileEncoding = 4; lastKnownFileType = sourcecode.c.h; path = NavigationController.h; sourceTree = "<group>"; };
		3D4988081E52CD5D00A60AEF /* NavigationController.m */ = {isa = PBXFileReference; fileEncoding = 4; lastKnownFileType = sourcecode.c.objc; path = NavigationController.m; sourceTree = "<group>"; };
		3D49880B1E52CFA000A60AEF /* FirstViewController.h */ = {isa = PBXFileReference; fileEncoding = 4; lastKnownFileType = sourcecode.c.h; path = FirstViewController.h; sourceTree = "<group>"; };
		3D49880C1E52CFA000A60AEF /* FirstViewController.m */ = {isa = PBXFileReference; fileEncoding = 4; lastKnownFileType = sourcecode.c.objc; path = FirstViewController.m; sourceTree = "<group>"; };
		3D49880E1E52CFAB00A60AEF /* SecendViewController.h */ = {isa = PBXFileReference; fileEncoding = 4; lastKnownFileType = sourcecode.c.h; path = SecendViewController.h; sourceTree = "<group>"; };
		3D49880F1E52CFAB00A60AEF /* SecendViewController.m */ = {isa = PBXFileReference; fileEncoding = 4; lastKnownFileType = sourcecode.c.objc; path = SecendViewController.m; sourceTree = "<group>"; };
/* End PBXFileReference section */

/* Begin PBXFrameworksBuildPhase section */
		3D49878A1E52B64C00A60AEF /* Frameworks */ = {
			isa = PBXFrameworksBuildPhase;
			buildActionMask = 2147483647;
			files = (
			);
			runOnlyForDeploymentPostprocessing = 0;
		};
		3D4987A31E52B64C00A60AEF /* Frameworks */ = {
			isa = PBXFrameworksBuildPhase;
			buildActionMask = 2147483647;
			files = (
			);
			runOnlyForDeploymentPostprocessing = 0;
		};
		3D4987AE1E52B64C00A60AEF /* Frameworks */ = {
			isa = PBXFrameworksBuildPhase;
			buildActionMask = 2147483647;
			files = (
			);
			runOnlyForDeploymentPostprocessing = 0;
		};
/* End PBXFrameworksBuildPhase section */

/* Begin PBXGroup section */
		3D4987841E52B64C00A60AEF = {
			isa = PBXGroup;
			children = (
				3D49878F1E52B64C00A60AEF /* APP-One */,
				3D4987A91E52B64C00A60AEF /* APP-OneTests */,
				3D4987B41E52B64C00A60AEF /* APP-OneUITests */,
				3D49878E1E52B64C00A60AEF /* Products */,
			);
			sourceTree = "<group>";
		};
		3D49878E1E52B64C00A60AEF /* Products */ = {
			isa = PBXGroup;
			children = (
				3D49878D1E52B64C00A60AEF /* APP-One.app */,
				3D4987A61E52B64C00A60AEF /* APP-OneTests.xctest */,
				3D4987B11E52B64C00A60AEF /* APP-OneUITests.xctest */,
			);
			name = Products;
			sourceTree = "<group>";
		};
		3D49878F1E52B64C00A60AEF /* APP-One */ = {
			isa = PBXGroup;
			children = (
				3D4987931E52B64C00A60AEF /* AppDelegate.h */,
				3D4987941E52B64C00A60AEF /* AppDelegate.m */,
				3D4988021E52BA0700A60AEF /* TabBar */,
				3D4988061E52CD2700A60AEF /* NavigationController */,
				3D49880A1E52CF6900A60AEF /* ViewController */,
				3D4987991E52B64C00A60AEF /* Main.storyboard */,
				3D49879C1E52B64C00A60AEF /* Assets.xcassets */,
				3D49879E1E52B64C00A60AEF /* LaunchScreen.storyboard */,
				3D4987A11E52B64C00A60AEF /* Info.plist */,
				3D4987901E52B64C00A60AEF /* Supporting Files */,
			);
			path = "APP-One";
			sourceTree = "<group>";
		};
		3D4987901E52B64C00A60AEF /* Supporting Files */ = {
			isa = PBXGroup;
			children = (
				3D4987911E52B64C00A60AEF /* main.m */,
			);
			name = "Supporting Files";
			sourceTree = "<group>";
		};
		3D4987A91E52B64C00A60AEF /* APP-OneTests */ = {
			isa = PBXGroup;
			children = (
				3D4987AA1E52B64C00A60AEF /* APP_OneTests.m */,
				3D4987AC1E52B64C00A60AEF /* Info.plist */,
			);
			path = "APP-OneTests";
			sourceTree = "<group>";
		};
		3D4987B41E52B64C00A60AEF /* APP-OneUITests */ = {
			isa = PBXGroup;
			children = (
				3D4987B51E52B64C00A60AEF /* APP_OneUITests.m */,
				3D4987B71E52B64C00A60AEF /* Info.plist */,
			);
			path = "APP-OneUITests";
			sourceTree = "<group>";
		};
		3D4988021E52BA0700A60AEF /* TabBar */ = {
			isa = PBXGroup;
			children = (
				3D4988031E52BA5A00A60AEF /* TabBarViewController.h */,
				3D4988041E52BA5A00A60AEF /* TabBarViewController.m */,
			);
			path = TabBar;
			sourceTree = "<group>";
		};
		3D4988061E52CD2700A60AEF /* NavigationController */ = {
			isa = PBXGroup;
			children = (
				3D4988071E52CD5D00A60AEF /* NavigationController.h */,
				3D4988081E52CD5D00A60AEF /* NavigationController.m */,
			);
			path = NavigationController;
			sourceTree = "<group>";
		};
		3D49880A1E52CF6900A60AEF /* ViewController */ = {
			isa = PBXGroup;
			children = (
				3D49880B1E52CFA000A60AEF /* FirstViewController.h */,
				3D49880C1E52CFA000A60AEF /* FirstViewController.m */,
				3D49880E1E52CFAB00A60AEF /* SecendViewController.h */,
				3D49880F1E52CFAB00A60AEF /* SecendViewController.m */,
			);
			path = ViewController;
			sourceTree = "<group>";
		};
/* End PBXGroup section */

/* Begin PBXNativeTarget section */
		3D49878C1E52B64C00A60AEF /* APP-One */ = {
			isa = PBXNativeTarget;
			buildConfigurationList = 3D4987BA1E52B64C00A60AEF /* Build configuration list for PBXNativeTarget "APP-One" */;
			buildPhases = (
				3D4987891E52B64C00A60AEF /* Sources */,
				3D49878A1E52B64C00A60AEF /* Frameworks */,
				3D49878B1E52B64C00A60AEF /* Resources */,
			);
			buildRules = (
			);
			dependencies = (
			);
			name = "APP-One";
			productName = "APP-One";
			productReference = 3D49878D1E52B64C00A60AEF /* APP-One.app */;
			productType = "com.apple.product-type.application";
		};
		3D4987A51E52B64C00A60AEF /* APP-OneTests */ = {
			isa = PBXNativeTarget;
			buildConfigurationList = 3D4987BD1E52B64C00A60AEF /* Build configuration list for PBXNativeTarget "APP-OneTests" */;
			buildPhases = (
				3D4987A21E52B64C00A60AEF /* Sources */,
				3D4987A31E52B64C00A60AEF /* Frameworks */,
				3D4987A41E52B64C00A60AEF /* Resources */,
			);
			buildRules = (
			);
			dependencies = (
				3D4987A81E52B64C00A60AEF /* PBXTargetDependency */,
			);
			name = "APP-OneTests";
			productName = "APP-OneTests";
			productReference = 3D4987A61E52B64C00A60AEF /* APP-OneTests.xctest */;
			productType = "com.apple.product-type.bundle.unit-test";
		};
		3D4987B01E52B64C00A60AEF /* APP-OneUITests */ = {
			isa = PBXNativeTarget;
			buildConfigurationList = 3D4987C01E52B64C00A60AEF /* Build configuration list for PBXNativeTarget "APP-OneUITests" */;
			buildPhases = (
				3D4987AD1E52B64C00A60AEF /* Sources */,
				3D4987AE1E52B64C00A60AEF /* Frameworks */,
				3D4987AF1E52B64C00A60AEF /* Resources */,
			);
			buildRules = (
			);
			dependencies = (
				3D4987B31E52B64C00A60AEF /* PBXTargetDependency */,
			);
			name = "APP-OneUITests";
			productName = "APP-OneUITests";
			productReference = 3D4987B11E52B64C00A60AEF /* APP-OneUITests.xctest */;
			productType = "com.apple.product-type.bundle.ui-testing";
		};
/* End PBXNativeTarget section */

/* Begin PBXProject section */
		3D4987851E52B64C00A60AEF /* Project object */ = {
			isa = PBXProject;
			attributes = {
				LastUpgradeCheck = 0820;
				ORGANIZATIONNAME = "";
				TargetAttributes = {
					3D49878C1E52B64C00A60AEF = {
						CreatedOnToolsVersion = 8.2.1;
						DevelopmentTeam = VU75WP27H3;
						ProvisioningStyle = Automatic;
					};
					3D4987A51E52B64C00A60AEF = {
						CreatedOnToolsVersion = 8.2.1;
						DevelopmentTeam = VU75WP27H3;
						ProvisioningStyle = Automatic;
						TestTargetID = 3D49878C1E52B64C00A60AEF;
					};
					3D4987B01E52B64C00A60AEF = {
						CreatedOnToolsVersion = 8.2.1;
						DevelopmentTeam = VU75WP27H3;
						ProvisioningStyle = Automatic;
						TestTargetID = 3D49878C1E52B64C00A60AEF;
					};
				};
			};
			buildConfigurationList = 3D4987881E52B64C00A60AEF /* Build configuration list for PBXProject "APP-One" */;
			compatibilityVersion = "Xcode 3.2";
			developmentRegion = English;
			hasScannedForEncodings = 0;
			knownRegions = (
				en,
				Base,
			);
			mainGroup = 3D4987841E52B64C00A60AEF;
			productRefGroup = 3D49878E1E52B64C00A60AEF /* Products */;
			projectDirPath = "";
			projectRoot = "";
			targets = (
				3D49878C1E52B64C00A60AEF /* APP-One */,
				3D4987A51E52B64C00A60AEF /* APP-OneTests */,
				3D4987B01E52B64C00A60AEF /* APP-OneUITests */,
			);
		};
/* End PBXProject section */

/* Begin PBXResourcesBuildPhase section */
		3D49878B1E52B64C00A60AEF /* Resources */ = {
			isa = PBXResourcesBuildPhase;
			buildActionMask = 2147483647;
			files = (
				3D4987A01E52B64C00A60AEF /* LaunchScreen.storyboard in Resources */,
				3D49879D1E52B64C00A60AEF /* Assets.xcassets in Resources */,
				3D49879B1E52B64C00A60AEF /* Main.storyboard in Resources */,
			);
			runOnlyForDeploymentPostprocessing = 0;
		};
		3D4987A41E52B64C00A60AEF /* Resources */ = {
			isa = PBXResourcesBuildPhase;
			buildActionMask = 2147483647;
			files = (
			);
			runOnlyForDeploymentPostprocessing = 0;
		};
		3D4987AF1E52B64C00A60AEF /* Resources */ = {
			isa = PBXResourcesBuildPhase;
			buildActionMask = 2147483647;
			files = (
			);
			runOnlyForDeploymentPostprocessing = 0;
		};
/* End PBXResourcesBuildPhase section */

/* Begin PBXSourcesBuildPhase section */
		3D4987891E52B64C00A60AEF /* Sources */ = {
			isa = PBXSourcesBuildPhase;
			buildActionMask = 2147483647;
			files = (
				3D4988051E52BA5A00A60AEF /* TabBarViewController.m in Sources */,
				3D4988091E52CD5D00A60AEF /* NavigationController.m in Sources */,
				3D4988101E52CFAB00A60AEF /* SecendViewController.m in Sources */,
				3D49880D1E52CFA000A60AEF /* FirstViewController.m in Sources */,
				3D4987951E52B64C00A60AEF /* AppDelegate.m in Sources */,
				3D4987921E52B64C00A60AEF /* main.m in Sources */,
			);
			runOnlyForDeploymentPostprocessing = 0;
		};
		3D4987A21E52B64C00A60AEF /* Sources */ = {
			isa = PBXSourcesBuildPhase;
			buildActionMask = 2147483647;
			files = (
				3D4987AB1E52B64C00A60AEF /* APP_OneTests.m in Sources */,
			);
			runOnlyForDeploymentPostprocessing = 0;
		};
		3D4987AD1E52B64C00A60AEF /* Sources */ = {
			isa = PBXSourcesBuildPhase;
			buildActionMask = 2147483647;
			files = (
				3D4987B61E52B64C00A60AEF /* APP_OneUITests.m in Sources */,
			);
			runOnlyForDeploymentPostprocessing = 0;
		};
/* End PBXSourcesBuildPhase section */

/* Begin PBXTargetDependency section */
		3D4987A81E52B64C00A60AEF /* PBXTargetDependency */ = {
			isa = PBXTargetDependency;
			target = 3D49878C1E52B64C00A60AEF /* APP-One */;
			targetProxy = 3D4987A71E52B64C00A60AEF /* PBXContainerItemProxy */;
		};
		3D4987B31E52B64C00A60AEF /* PBXTargetDependency */ = {
			isa = PBXTargetDependency;
			target = 3D49878C1E52B64C00A60AEF /* APP-One */;
			targetProxy = 3D4987B21E52B64C00A60AEF /* PBXContainerItemProxy */;
		};
/* End PBXTargetDependency section */

/* Begin PBXVariantGroup section */
		3D4987991E52B64C00A60AEF /* Main.storyboard */ = {
			isa = PBXVariantGroup;
			children = (
				3D49879A1E52B64C00A60AEF /* Base */,
			);
			name = Main.storyboard;
			sourceTree = "<group>";
		};
		3D49879E1E52B64C00A60AEF /* LaunchScreen.storyboard */ = {
			isa = PBXVariantGroup;
			children = (
				3D49879F1E52B64C00A60AEF /* Base */,
			);
			name = LaunchScreen.storyboard;
			sourceTree = "<group>";
		};
/* End PBXVariantGroup section */

/* Begin XCBuildConfiguration section */
		3D4987B81E52B64C00A60AEF /* Debug */ = {
			isa = XCBuildConfiguration;
			buildSettings = {
				ALWAYS_SEARCH_USER_PATHS = NO;
				CLANG_ANALYZER_NONNULL = YES;
				CLANG_CXX_LANGUAGE_STANDARD = "gnu++0x";
				CLANG_CXX_LIBRARY = "libc++";
				CLANG_ENABLE_MODULES = YES;
				CLANG_ENABLE_OBJC_ARC = YES;
				CLANG_WARN_BOOL_CONVERSION = YES;
				CLANG_WARN_CONSTANT_CONVERSION = YES;
				CLANG_WARN_DIRECT_OBJC_ISA_USAGE = YES_ERROR;
				CLANG_WARN_DOCUMENTATION_COMMENTS = YES;
				CLANG_WARN_EMPTY_BODY = YES;
				CLANG_WARN_ENUM_CONVERSION = YES;
				CLANG_WARN_INFINITE_RECURSION = YES;
				CLANG_WARN_INT_CONVERSION = YES;
				CLANG_WARN_OBJC_ROOT_CLASS = YES_ERROR;
				CLANG_WARN_SUSPICIOUS_MOVE = YES;
				CLANG_WARN_UNREACHABLE_CODE = YES;
				CLANG_WARN__DUPLICATE_METHOD_MATCH = YES;
				"CODE_SIGN_IDENTITY[sdk=iphoneos*]" = "iPhone Developer";
				COPY_PHASE_STRIP = NO;
				DEBUG_INFORMATION_FORMAT = dwarf;
				ENABLE_STRICT_OBJC_MSGSEND = YES;
				ENABLE_TESTABILITY = YES;
				GCC_C_LANGUAGE_STANDARD = gnu99;
				GCC_DYNAMIC_NO_PIC = NO;
				GCC_NO_COMMON_BLOCKS = YES;
				GCC_OPTIMIZATION_LEVEL = 0;
				GCC_PREPROCESSOR_DEFINITIONS = (
					"DEBUG=1",
					"$(inherited)",
				);
				GCC_WARN_64_TO_32_BIT_CONVERSION = YES;
				GCC_WARN_ABOUT_RETURN_TYPE = YES_ERROR;
				GCC_WARN_UNDECLARED_SELECTOR = YES;
				GCC_WARN_UNINITIALIZED_AUTOS = YES_AGGRESSIVE;
				GCC_WARN_UNUSED_FUNCTION = YES;
				GCC_WARN_UNUSED_VARIABLE = YES;
				IPHONEOS_DEPLOYMENT_TARGET = 10.2;
				MTL_ENABLE_DEBUG_INFO = YES;
				ONLY_ACTIVE_ARCH = YES;
				SDKROOT = iphoneos;
				TARGETED_DEVICE_FAMILY = "1,2";
			};
			name = Debug;
		};
		3D4987B91E52B64C00A60AEF /* Release */ = {
			isa = XCBuildConfiguration;
			buildSettings = {
				ALWAYS_SEARCH_USER_PATHS = NO;
				CLANG_ANALYZER_NONNULL = YES;
				CLANG_CXX_LANGUAGE_STANDARD = "gnu++0x";
				CLANG_CXX_LIBRARY = "libc++";
				CLANG_ENABLE_MODULES = YES;
				CLANG_ENABLE_OBJC_ARC = YES;
				CLANG_WARN_BOOL_CONVERSION = YES;
				CLANG_WARN_CONSTANT_CONVERSION = YES;
				CLANG_WARN_DIRECT_OBJC_ISA_USAGE = YES_ERROR;
				CLANG_WARN_DOCUMENTATION_COMMENTS = YES;
				CLANG_WARN_EMPTY_BODY = YES;
				CLANG_WARN_ENUM_CONVERSION = YES;
				CLANG_WARN_INFINITE_RECURSION = YES;
				CLANG_WARN_INT_CONVERSION = YES;
				CLANG_WARN_OBJC_ROOT_CLASS = YES_ERROR;
				CLANG_WARN_SUSPICIOUS_MOVE = YES;
				CLANG_WARN_UNREACHABLE_CODE = YES;
				CLANG_WARN__DUPLICATE_METHOD_MATCH = YES;
				"CODE_SIGN_IDENTITY[sdk=iphoneos*]" = "iPhone Developer";
				COPY_PHASE_STRIP = NO;
				DEBUG_INFORMATION_FORMAT = "dwarf-with-dsym";
				ENABLE_NS_ASSERTIONS = NO;
				ENABLE_STRICT_OBJC_MSGSEND = YES;
				GCC_C_LANGUAGE_STANDARD = gnu99;
				GCC_NO_COMMON_BLOCKS = YES;
				GCC_WARN_64_TO_32_BIT_CONVERSION = YES;
				GCC_WARN_ABOUT_RETURN_TYPE = YES_ERROR;
				GCC_WARN_UNDECLARED_SELECTOR = YES;
				GCC_WARN_UNINITIALIZED_AUTOS = YES_AGGRESSIVE;
				GCC_WARN_UNUSED_FUNCTION = YES;
				GCC_WARN_UNUSED_VARIABLE = YES;
				IPHONEOS_DEPLOYMENT_TARGET = 10.2;
				MTL_ENABLE_DEBUG_INFO = NO;
				SDKROOT = iphoneos;
				TARGETED_DEVICE_FAMILY = "1,2";
				VALIDATE_PRODUCT = YES;
			};
			name = Release;
		};
		3D4987BB1E52B64C00A60AEF /* Debug */ = {
			isa = XCBuildConfiguration;
			buildSettings = {
				ASSETCATALOG_COMPILER_APPICON_NAME = AppIcon;
				DEVELOPMENT_TEAM = VU75WP27H3;
				INFOPLIST_FILE = "APP-One/Info.plist";
				IPHONEOS_DEPLOYMENT_TARGET = 8.0;
				LD_RUNPATH_SEARCH_PATHS = "$(inherited) @executable_path/Frameworks";
				PRODUCT_BUNDLE_IDENTIFIER = "com.one.APP-One";
				PRODUCT_NAME = "$(TARGET_NAME)";
			};
			name = Debug;
		};
		3D4987BC1E52B64C00A60AEF /* Release */ = {
			isa = XCBuildConfiguration;
			buildSettings = {
				ASSETCATALOG_COMPILER_APPICON_NAME = AppIcon;
				DEVELOPMENT_TEAM = VU75WP27H3;
				INFOPLIST_FILE = "APP-One/Info.plist";
				IPHONEOS_DEPLOYMENT_TARGET = 8.0;
				LD_RUNPATH_SEARCH_PATHS = "$(inherited) @executable_path/Frameworks";
				PRODUCT_BUNDLE_IDENTIFIER = "com.one.APP-One";
				PRODUCT_NAME = "$(TARGET_NAME)";
			};
			name = Release;
		};
		3D4987BE1E52B64C00A60AEF /* Debug */ = {
			isa = XCBuildConfiguration;
			buildSettings = {
				BUNDLE_LOADER = "$(TEST_HOST)";
				DEVELOPMENT_TEAM = VU75WP27H3;
				INFOPLIST_FILE = "APP-OneTests/Info.plist";
				LD_RUNPATH_SEARCH_PATHS = "$(inherited) @executable_path/Frameworks @loader_path/Frameworks";
				PRODUCT_BUNDLE_IDENTIFIER = "com.one.APP-OneTests";
				PRODUCT_NAME = "$(TARGET_NAME)";
				TEST_HOST = "$(BUILT_PRODUCTS_DIR)/APP-One.app/APP-One";
			};
			name = Debug;
		};
		3D4987BF1E52B64C00A60AEF /* Release */ = {
			isa = XCBuildConfiguration;
			buildSettings = {
				BUNDLE_LOADER = "$(TEST_HOST)";
				DEVELOPMENT_TEAM = VU75WP27H3;
				INFOPLIST_FILE = "APP-OneTests/Info.plist";
				LD_RUNPATH_SEARCH_PATHS = "$(inherited) @executable_path/Frameworks @loader_path/Frameworks";
				PRODUCT_BUNDLE_IDENTIFIER = "com.one.APP-OneTests";
				PRODUCT_NAME = "$(TARGET_NAME)";
				TEST_HOST = "$(BUILT_PRODUCTS_DIR)/APP-One.app/APP-One";
			};
			name = Release;
		};
		3D4987C11E52B64C00A60AEF /* Debug */ = {
			isa = XCBuildConfiguration;
			buildSettings = {
				DEVELOPMENT_TEAM = VU75WP27H3;
				INFOPLIST_FILE = "APP-OneUITests/Info.plist";
				LD_RUNPATH_SEARCH_PATHS = "$(inherited) @executable_path/Frameworks @loader_path/Frameworks";
				PRODUCT_BUNDLE_IDENTIFIER = "com.one.APP-OneUITests";
				PRODUCT_NAME = "$(TARGET_NAME)";
				TEST_TARGET_NAME = "APP-One";
			};
			name = Debug;
		};
		3D4987C21E52B64C00A60AEF /* Release */ = {
			isa = XCBuildConfiguration;
			buildSettings = {
				DEVELOPMENT_TEAM = VU75WP27H3;
				INFOPLIST_FILE = "APP-OneUITests/Info.plist";
				LD_RUNPATH_SEARCH_PATHS = "$(inherited) @executable_path/Frameworks @loader_path/Frameworks";
				PRODUCT_BUNDLE_IDENTIFIER = "com.one.APP-OneUITests";
				PRODUCT_NAME = "$(TARGET_NAME)";
				TEST_TARGET_NAME = "APP-One";
			};
			name = Release;
		};
/* End XCBuildConfiguration section */

/* Begin XCConfigurationList section */
		3D4987881E52B64C00A60AEF /* Build configuration list for PBXProject "APP-One" */ = {
			isa = XCConfigurationList;
			buildConfigurations = (
				3D4987B81E52B64C00A60AEF /* Debug */,
				3D4987B91E52B64C00A60AEF /* Release */,
			);
			defaultConfigurationIsVisible = 0;
			defaultConfigurationName = Release;
		};
		3D4987BA1E52B64C00A60AEF /* Build configuration list for PBXNativeTarget "APP-One" */ = {
			isa = XCConfigurationList;
			buildConfigurations = (
				3D4987BB1E52B64C00A60AEF /* Debug */,
				3D4987BC1E52B64C00A60AEF /* Release */,
			);
			defaultConfigurationIsVisible = 0;
			defaultConfigurationName = Release;
		};
		3D4987BD1E52B64C00A60AEF /* Build configuration list for PBXNativeTarget "APP-OneTests" */ = {
			isa = XCConfigurationList;
			buildConfigurations = (
				3D4987BE1E52B64C00A60AEF /* Debug */,
				3D4987BF1E52B64C00A60AEF /* Release */,
			);
			defaultConfigurationIsVisible = 0;
			defaultConfigurationName = Release;
		};
		3D4987C01E52B64C00A60AEF /* Build configuration list for PBXNativeTarget "APP-OneUITests" */ = {
			isa = XCConfigurationList;
			buildConfigurations = (
				3D4987C11E52B64C00A60AEF /* Debug */,
				3D4987C21E52B64C00A60AEF /* Release */,
			);
			defaultConfigurationIsVisible = 0;
			defaultConfigurationName = Release;
		};
/* End XCConfigurationList section */
	};
	rootObject = 3D4987851E52B64C00A60AEF /* Project object */;
}
